
Microsoft Visual Studio Solution File, Format Version 12.00
# Visual Studio 15
VisualStudioVersion = 15.0.27703.2018
MinimumVisualStudioVersion = 10.0.40219.1
Project("{FAE04EC0-301F-11D3-BF4B-00C04F79EFBC}") = "Hello0_databinding.Android", "Hello0_databinding\Hello0_databinding.Android\Hello0_databinding.Android.csproj", "{BB027117-A27F-4C78-BDCB-905B550B041C}"
EndProject
Project("{FAE04EC0-301F-11D3-BF4B-00C04F79EFBC}") = "Hello0_databinding", "Hello0_databinding\Hello0_databinding\Hello0_databinding.csproj", "{30FB7F87-095A-4B83-9D89-666FE9ECFC03}"
EndProject
Global
	GlobalSection(SolutionConfigurationPlatforms) = preSolution
		Debug|Any CPU = Debug|Any CPU
		Release|Any CPU = Release|Any CPU
	EndGlobalSection
	GlobalSection(ProjectConfigurationPlatforms) = postSolution
		{BB027117-A27F-4C78-BDCB-905B550B041C}.Debug|Any CPU.ActiveCfg = Debug|Any CPU
		{BB027117-A27F-4C78-BDCB-905B550B041C}.Debug|Any CPU.Build.0 = Debug|Any CPU
		{BB027117-A27F-4C78-BDCB-905B550B041C}.Debug|Any CPU.Deploy.0 = Debug|Any CPU
		{BB027117-A27F-4C78-BDCB-905B550B041C}.Release|Any CPU.ActiveCfg = Release|Any CPU
		{BB027117-A27F-4C78-BDCB-905B550B041C}.Release|Any CPU.Build.0 = Release|Any CPU
		{BB027117-A27F-4C78-BDCB-905B550B041C}.Release|Any CPU.Deploy.0 = Release|Any CPU
		{30FB7F87-095A-4B83-9D89-666FE9ECFC03}.Debug|Any CPU.ActiveCfg = Debug|Any CPU
		{30FB7F87-095A-4B83-9D89-666FE9ECFC03}.Debug|Any CPU.Build.0 = Debug|Any CPU
		{30FB7F87-095A-4B83-9D89-666FE9ECFC03}.Debug|Any CPU.Deploy.0 = Debug|Any CPU
		{30FB7F87-095A-4B83-9D89-666FE9ECFC03}.Release|Any CPU.ActiveCfg = Release|Any CPU
		{30FB7F87-095A-4B83-9D89-666FE9ECFC03}.Release|Any CPU.Build.0 = Release|Any CPU
		{30FB7F87-095A-4B83-9D89-666FE9ECFC03}.Release|Any CPU.Deploy.0 = Release|Any CPU
	EndGlobalSection
	GlobalSection(SolutionProperties) = preSolution
		HideSolutionNode = FALSE
	EndGlobalSection
	GlobalSection(ExtensibilityGlobals) = postSolution
		SolutionGuid = {5D109D32-4D20-40AC-BAB7-AF2B6D043F77}
	EndGlobalSection
EndGlobal
